
Microsoft Visual Studio Solution File, Format Version 12.00
# Visual Studio Version 17
VisualStudioVersion = 17.8.34309.116
MinimumVisualStudioVersion = 10.0.40219.1
Project("{9A19103F-16F7-4668-BE54-9A1E7A4F7556}") = "AddressBook", "AddressBook\AddressBook.csproj", "{1E1282CF-BDD4-4745-871D-92743B46DEBF}"
EndProject
Project("{9A19103F-16F7-4668-BE54-9A1E7A4F7556}") = "Shared", "Shared\Shared.csproj", "{3482A864-67CB-403F-B528-E55041EED098}"
EndProject
Project("{9A19103F-16F7-4668-BE54-9A1E7A4F7556}") = "AddressBook.Tests", "AddressBook.Tests\AddressBook.Tests.csproj", "{924529BD-3A2B-4627-9EE6-657A7E686E3D}"
EndProject
Project("{9A19103F-16F7-4668-BE54-9A1E7A4F7556}") = "MauiAddressBook", "MauiAddressBook\MauiAddressBook.csproj", "{7E5D1F2E-D01D-44E9-A0BF-800A4697DF28}"
EndProject
Project("{9A19103F-16F7-4668-BE54-9A1E7A4F7556}") = "MauiAddressBook_Tests", "MauiAddressBook_Tests\MauiAddressBook_Tests.csproj", "{89F0A4F1-4C54-45F5-ABE0-857B2CDB2479}"
EndProject
Project("{2150E333-8FDC-42A3-9474-1A3956D46DE8}") = "Solution Items", "Solution Items", "{10524A27-CF2E-4CE6-B4BA-3F80A0C4A08E}"
	ProjectSection(SolutionItems) = preProject
		README.md = README.md
	EndProjectSection
EndProject
Global
	GlobalSection(SolutionConfigurationPlatforms) = preSolution
		Debug|Any CPU = Debug|Any CPU
		Release|Any CPU = Release|Any CPU
	EndGlobalSection
	GlobalSection(ProjectConfigurationPlatforms) = postSolution
		{1E1282CF-BDD4-4745-871D-92743B46DEBF}.Debug|Any CPU.ActiveCfg = Debug|Any CPU
		{1E1282CF-BDD4-4745-871D-92743B46DEBF}.Debug|Any CPU.Build.0 = Debug|Any CPU
		{1E1282CF-BDD4-4745-871D-92743B46DEBF}.Release|Any CPU.ActiveCfg = Release|Any CPU
		{1E1282CF-BDD4-4745-871D-92743B46DEBF}.Release|Any CPU.Build.0 = Release|Any CPU
		{3482A864-67CB-403F-B528-E55041EED098}.Debug|Any CPU.ActiveCfg = Debug|Any CPU
		{3482A864-67CB-403F-B528-E55041EED098}.Debug|Any CPU.Build.0 = Debug|Any CPU
		{3482A864-67CB-403F-B528-E55041EED098}.Release|Any CPU.ActiveCfg = Release|Any CPU
		{3482A864-67CB-403F-B528-E55041EED098}.Release|Any CPU.Build.0 = Release|Any CPU
		{924529BD-3A2B-4627-9EE6-657A7E686E3D}.Debug|Any CPU.ActiveCfg = Debug|Any CPU
		{924529BD-3A2B-4627-9EE6-657A7E686E3D}.Debug|Any CPU.Build.0 = Debug|Any CPU
		{924529BD-3A2B-4627-9EE6-657A7E686E3D}.Release|Any CPU.ActiveCfg = Release|Any CPU
		{924529BD-3A2B-4627-9EE6-657A7E686E3D}.Release|Any CPU.Build.0 = Release|Any CPU
		{7E5D1F2E-D01D-44E9-A0BF-800A4697DF28}.Debug|Any CPU.ActiveCfg = Debug|Any CPU
		{7E5D1F2E-D01D-44E9-A0BF-800A4697DF28}.Debug|Any CPU.Build.0 = Debug|Any CPU
		{7E5D1F2E-D01D-44E9-A0BF-800A4697DF28}.Debug|Any CPU.Deploy.0 = Debug|Any CPU
		{7E5D1F2E-D01D-44E9-A0BF-800A4697DF28}.Release|Any CPU.ActiveCfg = Release|Any CPU
		{7E5D1F2E-D01D-44E9-A0BF-800A4697DF28}.Release|Any CPU.Build.0 = Release|Any CPU
		{7E5D1F2E-D01D-44E9-A0BF-800A4697DF28}.Release|Any CPU.Deploy.0 = Release|Any CPU
		{89F0A4F1-4C54-45F5-ABE0-857B2CDB2479}.Debug|Any CPU.ActiveCfg = Debug|Any CPU
		{89F0A4F1-4C54-45F5-ABE0-857B2CDB2479}.Debug|Any CPU.Build.0 = Debug|Any CPU
		{89F0A4F1-4C54-45F5-ABE0-857B2CDB2479}.Release|Any CPU.ActiveCfg = Release|Any CPU
		{89F0A4F1-4C54-45F5-ABE0-857B2CDB2479}.Release|Any CPU.Build.0 = Release|Any CPU
	EndGlobalSection
	GlobalSection(SolutionProperties) = preSolution
		HideSolutionNode = FALSE
	EndGlobalSection
	GlobalSection(ExtensibilityGlobals) = postSolution
		SolutionGuid = {967B2592-4A78-439E-88A7-E6939570D211}
	EndGlobalSection
EndGlobal
